{
  "name": "@harishv3/url-shortening",
  "version": "1.0.3",
  "lockfileVersion": 3,
  "requires": true,
  "packages": {
    "": {
      "name": "@harishv3/url-shortening",
      "version": "1.0.3",
      "license": "ISC",
      "dependencies": {
        "base62": "^2.0.1",
        "uuid": "^9.0.1"
      }
    },
    "node_modules/base62": {
      "version": "2.0.1",
      "resolved": "https://registry.npmjs.org/base62/-/base62-2.0.1.tgz",
      "integrity": "sha512-4t4WQK7mdbcWzqEBiq6tfo2qDCeIZGXvjifJZyxHIVcjQkZJxpFtu/pa2Va69OouCkg6izZ08hKnPxroeDyzew==",
      "engines": {
        "node": ">=6.0.0"
      }
    },
    "node_modules/uuid": {
      "version": "9.0.1",
      "resolved": "https://registry.npmjs.org/uuid/-/uuid-9.0.1.tgz",
      "integrity": "sha512-b+1eJOlsR9K8HJpow9Ok3fiWOWSIcIzXodvv0rQjVoOVNpWMpxf1wZNpt4y9h10odCNrqnYp1OBzRktckBe3sA==",
      "funding": [
        "https://github.com/sponsors/broofa",
        "https://github.com/sponsors/ctavan"
      ],
      "bin": {
        "uuid": "dist/bin/uuid"
      }
    }
  }
}
